// !$*UTF8*$!
{
	archiveVersion = 1;
	classes = {
	};
	objectVersion = 46;
	objects = {

/* Begin PBXBuildFile section */
		5A0DCB1416AB27A600B9D26E /* UIKit.framework in Frameworks */ = {isa = PBXBuildFile; fileRef = 5A0DCB1316AB27A600B9D26E /* UIKit.framework */; };
		5A0DCB1616AB27A600B9D26E /* Foundation.framework in Frameworks */ = {isa = PBXBuildFile; fileRef = 5A0DCB1516AB27A600B9D26E /* Foundation.framework */; };
		5A0DCB1816AB27A600B9D26E /* CoreGraphics.framework in Frameworks */ = {isa = PBXBuildFile; fileRef = 5A0DCB1716AB27A600B9D26E /* CoreGraphics.framework */; };
		5A0DCB1E16AB27A600B9D26E /* InfoPlist.strings in Resources */ = {isa = PBXBuildFile; fileRef = 5A0DCB1C16AB27A600B9D26E /* InfoPlist.strings */; };
		5A0DCB2016AB27A600B9D26E /* main.m in Sources */ = {isa = PBXBuildFile; fileRef = 5A0DCB1F16AB27A600B9D26E /* main.m */; };
		5A0DCB2416AB27A600B9D26E /* AppDelegate.m in Sources */ = {isa = PBXBuildFile; fileRef = 5A0DCB2316AB27A600B9D26E /* AppDelegate.m */; };
		5A0DCB2616AB27A600B9D26E /* Default.png in Resources */ = {isa = PBXBuildFile; fileRef = 5A0DCB2516AB27A600B9D26E /* Default.png */; };
		5A0DCB2816AB27A600B9D26E /* Default@2x.png in Resources */ = {isa = PBXBuildFile; fileRef = 5A0DCB2716AB27A600B9D26E /* Default@2x.png */; };
		5A0DCB2A16AB27A700B9D26E /* Default-568h@2x.png in Resources */ = {isa = PBXBuildFile; fileRef = 5A0DCB2916AB27A700B9D26E /* Default-568h@2x.png */; };
		5A0DCB2D16AB27A700B9D26E /* MainStoryboard_iPhone.storyboard in Resources */ = {isa = PBXBuildFile; fileRef = 5A0DCB2B16AB27A700B9D26E /* MainStoryboard_iPhone.storyboard */; };
		5A0DCB3016AB27A700B9D26E /* MainStoryboard_iPad.storyboard in Resources */ = {isa = PBXBuildFile; fileRef = 5A0DCB2E16AB27A700B9D26E /* MainStoryboard_iPad.storyboard */; };
		5A0DCB3316AB27A700B9D26E /* ViewController.m in Sources */ = {isa = PBXBuildFile; fileRef = 5A0DCB3216AB27A700B9D26E /* ViewController.m */; };
		5A0DCB3B16AB27A700B9D26E /* SenTestingKit.framework in Frameworks */ = {isa = PBXBuildFile; fileRef = 5A0DCB3A16AB27A700B9D26E /* SenTestingKit.framework */; };
		5A0DCB3C16AB27A700B9D26E /* UIKit.framework in Frameworks */ = {isa = PBXBuildFile; fileRef = 5A0DCB1316AB27A600B9D26E /* UIKit.framework */; };
		5A0DCB3D16AB27A700B9D26E /* Foundation.framework in Frameworks */ = {isa = PBXBuildFile; fileRef = 5A0DCB1516AB27A600B9D26E /* Foundation.framework */; };
		5A0DCB4516AB27A700B9D26E /* InfoPlist.strings in Resources */ = {isa = PBXBuildFile; fileRef = 5A0DCB4316AB27A700B9D26E /* InfoPlist.strings */; };
		5A0DCB4816AB27A700B9D26E /* BrightOverTests.m in Sources */ = {isa = PBXBuildFile; fileRef = 5A0DCB4716AB27A700B9D26E /* BrightOverTests.m */; };
		5A2BDF1116F266DA008D38B1 /* CustomButton.m in Sources */ = {isa = PBXBuildFile; fileRef = 5A2BDF1016F266DA008D38B1 /* CustomButton.m */; };
		5A2BDF1816F2696A008D38B1 /* highlightedButton.png in Resources */ = {isa = PBXBuildFile; fileRef = 5A2BDF1216F2696A008D38B1 /* highlightedButton.png */; };
		5A2BDF1916F2696A008D38B1 /* icon-ipad.png in Resources */ = {isa = PBXBuildFile; fileRef = 5A2BDF1316F2696A008D38B1 /* icon-ipad.png */; };
		5A2BDF1A16F2696A008D38B1 /* icon-ipad-ret.png in Resources */ = {isa = PBXBuildFile; fileRef = 5A2BDF1416F2696A008D38B1 /* icon-ipad-ret.png */; };
		5A2BDF1B16F2696A008D38B1 /* icon-iphone.png in Resources */ = {isa = PBXBuildFile; fileRef = 5A2BDF1516F2696A008D38B1 /* icon-iphone.png */; };
		5A2BDF1C16F2696A008D38B1 /* icon-iphone-ret.png in Resources */ = {isa = PBXBuildFile; fileRef = 5A2BDF1616F2696A008D38B1 /* icon-iphone-ret.png */; };
		5A2BDF1D16F2696A008D38B1 /* normalButton.png in Resources */ = {isa = PBXBuildFile; fileRef = 5A2BDF1716F2696A008D38B1 /* normalButton.png */; };
		F093C01516FE1DCE0039ADC2 /* BrightFull@2x.png in Resources */ = {isa = PBXBuildFile; fileRef = F093C01416FE1DCE0039ADC2 /* BrightFull@2x.png */; };
		F093C01716FE1EC20039ADC2 /* BrightHigh@2x.png in Resources */ = {isa = PBXBuildFile; fileRef = F093C01616FE1EC20039ADC2 /* BrightHigh@2x.png */; };
		F093C01916FE1F8C0039ADC2 /* BrightLow@2x.png in Resources */ = {isa = PBXBuildFile; fileRef = F093C01816FE1F8C0039ADC2 /* BrightLow@2x.png */; };
		F099ED6D16FA217300F0BC50 /* BrightHigh.png in Resources */ = {isa = PBXBuildFile; fileRef = F099ED6C16FA217300F0BC50 /* BrightHigh.png */; };
		F099ED6F16FA2AEE00F0BC50 /* BrightFull.png in Resources */ = {isa = PBXBuildFile; fileRef = F099ED6E16FA2AEE00F0BC50 /* BrightFull.png */; };
		F099ED7316FA307C00F0BC50 /* BrightLow.png in Resources */ = {isa = PBXBuildFile; fileRef = F099ED7216FA307C00F0BC50 /* BrightLow.png */; };
		F0A10EF4174E486A009E001D /* brightover_icons_ipad_down.png in Resources */ = {isa = PBXBuildFile; fileRef = F0A10EF1174E486A009E001D /* brightover_icons_ipad_down.png */; };
		F0A10EF5174E486A009E001D /* brightover_icons_ipad_full.png in Resources */ = {isa = PBXBuildFile; fileRef = F0A10EF2174E486A009E001D /* brightover_icons_ipad_full.png */; };
		F0A10EF6174E486A009E001D /* brightover_icons_ipad_up.png in Resources */ = {isa = PBXBuildFile; fileRef = F0A10EF3174E486A009E001D /* brightover_icons_ipad_up.png */; };
/* End PBXBuildFile section */

/* Begin PBXContainerItemProxy section */
		5A0DCB3E16AB27A700B9D26E /* PBXContainerItemProxy */ = {
			isa = PBXContainerItemProxy;
			containerPortal = 5A0DCB0816AB27A600B9D26E /* Project object */;
			proxyType = 1;
			remoteGlobalIDString = 5A0DCB0F16AB27A600B9D26E;
			remoteInfo = BrightOver;
		};
/* End PBXContainerItemProxy section */

/* Begin PBXFileReference section */
		5A0DCB1016AB27A600B9D26E /* brightover.app */ = {isa = PBXFileReference; explicitFileType = wrapper.application; includeInIndex = 0; path = brightover.app; sourceTree = BUILT_PRODUCTS_DIR; };
		5A0DCB1316AB27A600B9D26E /* UIKit.framework */ = {isa = PBXFileReference; lastKnownFileType = wrapper.framework; name = UIKit.framework; path = System/Library/Frameworks/UIKit.framework; sourceTree = SDKROOT; };
		5A0DCB1516AB27A600B9D26E /* Foundation.framework */ = {isa = PBXFileReference; lastKnownFileType = wrapper.framework; name = Foundation.framework; path = System/Library/Frameworks/Foundation.framework; sourceTree = SDKROOT; };
		5A0DCB1716AB27A600B9D26E /* CoreGraphics.framework */ = {isa = PBXFileReference; lastKnownFileType = wrapper.framework; name = CoreGraphics.framework; path = System/Library/Frameworks/CoreGraphics.framework; sourceTree = SDKROOT; };
		5A0DCB1B16AB27A600B9D26E /* BrightOver-Info.plist */ = {isa = PBXFileReference; lastKnownFileType = text.plist.xml; path = "BrightOver-Info.plist"; sourceTree = "<group>"; };
		5A0DCB1D16AB27A600B9D26E /* en */ = {isa = PBXFileReference; lastKnownFileType = text.plist.strings; name = en; path = en.lproj/InfoPlist.strings; sourceTree = "<group>"; };
		5A0DCB1F16AB27A600B9D26E /* main.m */ = {isa = PBXFileReference; lastKnownFileType = sourcecode.c.objc; path = main.m; sourceTree = "<group>"; };
		5A0DCB2116AB27A600B9D26E /* BrightOver-Prefix.pch */ = {isa = PBXFileReference; lastKnownFileType = sourcecode.c.h; path = "BrightOver-Prefix.pch"; sourceTree = "<group>"; };
		5A0DCB2216AB27A600B9D26E /* AppDelegate.h */ = {isa = PBXFileReference; lastKnownFileType = sourcecode.c.h; path = AppDelegate.h; sourceTree = "<group>"; };
		5A0DCB2316AB27A600B9D26E /* AppDelegate.m */ = {isa = PBXFileReference; lastKnownFileType = sourcecode.c.objc; path = AppDelegate.m; sourceTree = "<group>"; };
		5A0DCB2516AB27A600B9D26E /* Default.png */ = {isa = PBXFileReference; lastKnownFileType = image.png; path = Default.png; sourceTree = "<group>"; };
		5A0DCB2716AB27A600B9D26E /* Default@2x.png */ = {isa = PBXFileReference; lastKnownFileType = image.png; path = "Default@2x.png"; sourceTree = "<group>"; };
		5A0DCB2916AB27A700B9D26E /* Default-568h@2x.png */ = {isa = PBXFileReference; lastKnownFileType = image.png; path = "Default-568h@2x.png"; sourceTree = "<group>"; };
		5A0DCB2C16AB27A700B9D26E /* en */ = {isa = PBXFileReference; lastKnownFileType = file.storyboard; name = en; path = en.lproj/MainStoryboard_iPhone.storyboard; sourceTree = "<group>"; };
		5A0DCB2F16AB27A700B9D26E /* en */ = {isa = PBXFileReference; lastKnownFileType = file.storyboard; name = en; path = en.lproj/MainStoryboard_iPad.storyboard; sourceTree = "<group>"; };
		5A0DCB3116AB27A700B9D26E /* ViewController.h */ = {isa = PBXFileReference; lastKnownFileType = sourcecode.c.h; path = ViewController.h; sourceTree = "<group>"; };
		5A0DCB3216AB27A700B9D26E /* ViewController.m */ = {isa = PBXFileReference; lastKnownFileType = sourcecode.c.objc; path = ViewController.m; sourceTree = "<group>"; };
		5A0DCB3916AB27A700B9D26E /* BrightOverTests.octest */ = {isa = PBXFileReference; explicitFileType = wrapper.cfbundle; includeInIndex = 0; path = BrightOverTests.octest; sourceTree = BUILT_PRODUCTS_DIR; };
		5A0DCB3A16AB27A700B9D26E /* SenTestingKit.framework */ = {isa = PBXFileReference; lastKnownFileType = wrapper.framework; name = SenTestingKit.framework; path = Library/Frameworks/SenTestingKit.framework; sourceTree = DEVELOPER_DIR; };
		5A0DCB4216AB27A700B9D26E /* BrightOverTests-Info.plist */ = {isa = PBXFileReference; lastKnownFileType = text.plist.xml; path = "BrightOverTests-Info.plist"; sourceTree = "<group>"; };
		5A0DCB4416AB27A700B9D26E /* en */ = {isa = PBXFileReference; lastKnownFileType = text.plist.strings; name = en; path = en.lproj/InfoPlist.strings; sourceTree = "<group>"; };
		5A0DCB4616AB27A700B9D26E /* BrightOverTests.h */ = {isa = PBXFileReference; lastKnownFileType = sourcecode.c.h; path = BrightOverTests.h; sourceTree = "<group>"; };
		5A0DCB4716AB27A700B9D26E /* BrightOverTests.m */ = {isa = PBXFileReference; lastKnownFileType = sourcecode.c.objc; path = BrightOverTests.m; sourceTree = "<group>"; };
		5A2BDF0F16F266DA008D38B1 /* CustomButton.h */ = {isa = PBXFileReference; fileEncoding = 4; lastKnownFileType = sourcecode.c.h; path = CustomButton.h; sourceTree = "<group>"; };
		5A2BDF1016F266DA008D38B1 /* CustomButton.m */ = {isa = PBXFileReference; fileEncoding = 4; lastKnownFileType = sourcecode.c.objc; path = CustomButton.m; sourceTree = "<group>"; };
		5A2BDF1216F2696A008D38B1 /* highlightedButton.png */ = {isa = PBXFileReference; lastKnownFileType = image.png; path = highlightedButton.png; sourceTree = "<group>"; };
		5A2BDF1316F2696A008D38B1 /* icon-ipad.png */ = {isa = PBXFileReference; lastKnownFileType = image.png; path = "icon-ipad.png"; sourceTree = "<group>"; };
		5A2BDF1416F2696A008D38B1 /* icon-ipad-ret.png */ = {isa = PBXFileReference; lastKnownFileType = image.png; path = "icon-ipad-ret.png"; sourceTree = "<group>"; };
		5A2BDF1516F2696A008D38B1 /* icon-iphone.png */ = {isa = PBXFileReference; lastKnownFileType = image.png; path = "icon-iphone.png"; sourceTree = "<group>"; };
		5A2BDF1616F2696A008D38B1 /* icon-iphone-ret.png */ = {isa = PBXFileReference; lastKnownFileType = image.png; path = "icon-iphone-ret.png"; sourceTree = "<group>"; };
		5A2BDF1716F2696A008D38B1 /* normalButton.png */ = {isa = PBXFileReference; lastKnownFileType = image.png; path = normalButton.png; sourceTree = "<group>"; };
		F093C01416FE1DCE0039ADC2 /* BrightFull@2x.png */ = {isa = PBXFileReference; lastKnownFileType = image.png; path = "BrightFull@2x.png"; sourceTree = "<group>"; };
		F093C01616FE1EC20039ADC2 /* BrightHigh@2x.png */ = {isa = PBXFileReference; lastKnownFileType = image.png; path = "BrightHigh@2x.png"; sourceTree = "<group>"; };
		F093C01816FE1F8C0039ADC2 /* BrightLow@2x.png */ = {isa = PBXFileReference; lastKnownFileType = image.png; path = "BrightLow@2x.png"; sourceTree = "<group>"; };
		F099ED6C16FA217300F0BC50 /* BrightHigh.png */ = {isa = PBXFileReference; lastKnownFileType = image.png; path = BrightHigh.png; sourceTree = "<group>"; };
		F099ED6E16FA2AEE00F0BC50 /* BrightFull.png */ = {isa = PBXFileReference; lastKnownFileType = image.png; path = BrightFull.png; sourceTree = "<group>"; };
		F099ED7216FA307C00F0BC50 /* BrightLow.png */ = {isa = PBXFileReference; lastKnownFileType = image.png; path = BrightLow.png; sourceTree = "<group>"; };
		F0A10EF1174E486A009E001D /* brightover_icons_ipad_down.png */ = {isa = PBXFileReference; lastKnownFileType = image.png; path = brightover_icons_ipad_down.png; sourceTree = "<group>"; };
		F0A10EF2174E486A009E001D /* brightover_icons_ipad_full.png */ = {isa = PBXFileReference; lastKnownFileType = image.png; path = brightover_icons_ipad_full.png; sourceTree = "<group>"; };
		F0A10EF3174E486A009E001D /* brightover_icons_ipad_up.png */ = {isa = PBXFileReference; lastKnownFileType = image.png; path = brightover_icons_ipad_up.png; sourceTree = "<group>"; };
/* End PBXFileReference section */

/* Begin PBXFrameworksBuildPhase section */
		5A0DCB0D16AB27A600B9D26E /* Frameworks */ = {
			isa = PBXFrameworksBuildPhase;
			buildActionMask = 2147483647;
			files = (
				5A0DCB1416AB27A600B9D26E /* UIKit.framework in Frameworks */,
				5A0DCB1616AB27A600B9D26E /* Foundation.framework in Frameworks */,
				5A0DCB1816AB27A600B9D26E /* CoreGraphics.framework in Frameworks */,
			);
			runOnlyForDeploymentPostprocessing = 0;
		};
		5A0DCB3516AB27A700B9D26E /* Frameworks */ = {
			isa = PBXFrameworksBuildPhase;
			buildActionMask = 2147483647;
			files = (
				5A0DCB3B16AB27A700B9D26E /* SenTestingKit.framework in Frameworks */,
				5A0DCB3C16AB27A700B9D26E /* UIKit.framework in Frameworks */,
				5A0DCB3D16AB27A700B9D26E /* Foundation.framework in Frameworks */,
			);
			runOnlyForDeploymentPostprocessing = 0;
		};
/* End PBXFrameworksBuildPhase section */

/* Begin PBXGroup section */
		5A0DCB0716AB27A600B9D26E = {
			isa = PBXGroup;
			children = (
				5A0DCB1916AB27A600B9D26E /* BrightOver */,
				5A0DCB4016AB27A700B9D26E /* BrightOverTests */,
				5A0DCB1216AB27A600B9D26E /* Frameworks */,
				5A0DCB1116AB27A600B9D26E /* Products */,
			);
			sourceTree = "<group>";
		};
		5A0DCB1116AB27A600B9D26E /* Products */ = {
			isa = PBXGroup;
			children = (
				5A0DCB1016AB27A600B9D26E /* brightover.app */,
				5A0DCB3916AB27A700B9D26E /* BrightOverTests.octest */,
			);
			name = Products;
			sourceTree = "<group>";
		};
		5A0DCB1216AB27A600B9D26E /* Frameworks */ = {
			isa = PBXGroup;
			children = (
				5A0DCB1316AB27A600B9D26E /* UIKit.framework */,
				5A0DCB1516AB27A600B9D26E /* Foundation.framework */,
				5A0DCB1716AB27A600B9D26E /* CoreGraphics.framework */,
				5A0DCB3A16AB27A700B9D26E /* SenTestingKit.framework */,
			);
			name = Frameworks;
			sourceTree = "<group>";
		};
		5A0DCB1916AB27A600B9D26E /* BrightOver */ = {
			isa = PBXGroup;
			children = (
				5A0DCB2216AB27A600B9D26E /* AppDelegate.h */,
				5A0DCB2316AB27A600B9D26E /* AppDelegate.m */,
				5A2BDF0F16F266DA008D38B1 /* CustomButton.h */,
				5A2BDF1016F266DA008D38B1 /* CustomButton.m */,
				5A0DCB2B16AB27A700B9D26E /* MainStoryboard_iPhone.storyboard */,
				5A0DCB2E16AB27A700B9D26E /* MainStoryboard_iPad.storyboard */,
				5A0DCB3116AB27A700B9D26E /* ViewController.h */,
				5A0DCB3216AB27A700B9D26E /* ViewController.m */,
				5A0DCB1A16AB27A600B9D26E /* Supporting Files */,
			);
			path = BrightOver;
			sourceTree = "<group>";
		};
		5A0DCB1A16AB27A600B9D26E /* Supporting Files */ = {
			isa = PBXGroup;
			children = (
				F0A10EF1174E486A009E001D /* brightover_icons_ipad_down.png */,
				F0A10EF2174E486A009E001D /* brightover_icons_ipad_full.png */,
				F0A10EF3174E486A009E001D /* brightover_icons_ipad_up.png */,
				F093C01416FE1DCE0039ADC2 /* BrightFull@2x.png */,
				F093C01616FE1EC20039ADC2 /* BrightHigh@2x.png */,
				F093C01816FE1F8C0039ADC2 /* BrightLow@2x.png */,
				F099ED7216FA307C00F0BC50 /* BrightLow.png */,
				F099ED6E16FA2AEE00F0BC50 /* BrightFull.png */,
				F099ED6C16FA217300F0BC50 /* BrightHigh.png */,
				5A2BDF1216F2696A008D38B1 /* highlightedButton.png */,
				5A2BDF1316F2696A008D38B1 /* icon-ipad.png */,
				5A2BDF1416F2696A008D38B1 /* icon-ipad-ret.png */,
				5A2BDF1516F2696A008D38B1 /* icon-iphone.png */,
				5A2BDF1616F2696A008D38B1 /* icon-iphone-ret.png */,
				5A2BDF1716F2696A008D38B1 /* normalButton.png */,
				5A0DCB1B16AB27A600B9D26E /* BrightOver-Info.plist */,
				5A0DCB1C16AB27A600B9D26E /* InfoPlist.strings */,
				5A0DCB1F16AB27A600B9D26E /* main.m */,
				5A0DCB2116AB27A600B9D26E /* BrightOver-Prefix.pch */,
				5A0DCB2516AB27A600B9D26E /* Default.png */,
				5A0DCB2716AB27A600B9D26E /* Default@2x.png */,
				5A0DCB2916AB27A700B9D26E /* Default-568h@2x.png */,
			);
			name = "Supporting Files";
			sourceTree = "<group>";
		};
		5A0DCB4016AB27A700B9D26E /* BrightOverTests */ = {
			isa = PBXGroup;
			children = (
				5A0DCB4616AB27A700B9D26E /* BrightOverTests.h */,
				5A0DCB4716AB27A700B9D26E /* BrightOverTests.m */,
				5A0DCB4116AB27A700B9D26E /* Supporting Files */,
			);
			path = BrightOverTests;
			sourceTree = "<group>";
		};
		5A0DCB4116AB27A700B9D26E /* Supporting Files */ = {
			isa = PBXGroup;
			children = (
				5A0DCB4216AB27A700B9D26E /* BrightOverTests-Info.plist */,
				5A0DCB4316AB27A700B9D26E /* InfoPlist.strings */,
			);
			name = "Supporting Files";
			sourceTree = "<group>";
		};
/* End PBXGroup section */

/* Begin PBXNativeTarget section */
		5A0DCB0F16AB27A600B9D26E /* BrightOver */ = {
			isa = PBXNativeTarget;
			buildConfigurationList = 5A0DCB4B16AB27A700B9D26E /* Build configuration list for PBXNativeTarget "BrightOver" */;
			buildPhases = (
				5A0DCB0C16AB27A600B9D26E /* Sources */,
				5A0DCB0D16AB27A600B9D26E /* Frameworks */,
				5A0DCB0E16AB27A600B9D26E /* Resources */,
			);
			buildRules = (
			);
			dependencies = (
			);
			name = BrightOver;
			productName = BrightOver;
			productReference = 5A0DCB1016AB27A600B9D26E /* brightover.app */;
			productType = "com.apple.product-type.application";
		};
		5A0DCB3816AB27A700B9D26E /* BrightOverTests */ = {
			isa = PBXNativeTarget;
			buildConfigurationList = 5A0DCB4E16AB27A700B9D26E /* Build configuration list for PBXNativeTarget "BrightOverTests" */;
			buildPhases = (
				5A0DCB3416AB27A700B9D26E /* Sources */,
				5A0DCB3516AB27A700B9D26E /* Frameworks */,
				5A0DCB3616AB27A700B9D26E /* Resources */,
				5A0DCB3716AB27A700B9D26E /* ShellScript */,
			);
			buildRules = (
			);
			dependencies = (
				5A0DCB3F16AB27A700B9D26E /* PBXTargetDependency */,
			);
			name = BrightOverTests;
			productName = BrightOverTests;
			productReference = 5A0DCB3916AB27A700B9D26E /* BrightOverTests.octest */;
			productType = "com.apple.product-type.bundle";
		};
/* End PBXNativeTarget section */

/* Begin PBXProject section */
		5A0DCB0816AB27A600B9D26E /* Project object */ = {
			isa = PBXProject;
			attributes = {
				LastUpgradeCheck = 0460;
				ORGANIZATIONNAME = "Owen McGirr";
			};
			buildConfigurationList = 5A0DCB0B16AB27A600B9D26E /* Build configuration list for PBXProject "BrightOver" */;
			compatibilityVersion = "Xcode 3.2";
			developmentRegion = English;
			hasScannedForEncodings = 0;
			knownRegions = (
				en,
			);
			mainGroup = 5A0DCB0716AB27A600B9D26E;
			productRefGroup = 5A0DCB1116AB27A600B9D26E /* Products */;
			projectDirPath = "";
			projectRoot = "";
			targets = (
				5A0DCB0F16AB27A600B9D26E /* BrightOver */,
				5A0DCB3816AB27A700B9D26E /* BrightOverTests */,
			);
		};
/* End PBXProject section */

/* Begin PBXResourcesBuildPhase section */
		5A0DCB0E16AB27A600B9D26E /* Resources */ = {
			isa = PBXResourcesBuildPhase;
			buildActionMask = 2147483647;
			files = (
				5A0DCB1E16AB27A600B9D26E /* InfoPlist.strings in Resources */,
				5A0DCB2616AB27A600B9D26E /* Default.png in Resources */,
				5A0DCB2816AB27A600B9D26E /* Default@2x.png in Resources */,
				5A0DCB2A16AB27A700B9D26E /* Default-568h@2x.png in Resources */,
				5A0DCB2D16AB27A700B9D26E /* MainStoryboard_iPhone.storyboard in Resources */,
				5A0DCB3016AB27A700B9D26E /* MainStoryboard_iPad.storyboard in Resources */,
				5A2BDF1816F2696A008D38B1 /* highlightedButton.png in Resources */,
				5A2BDF1916F2696A008D38B1 /* icon-ipad.png in Resources */,
				5A2BDF1A16F2696A008D38B1 /* icon-ipad-ret.png in Resources */,
				5A2BDF1B16F2696A008D38B1 /* icon-iphone.png in Resources */,
				5A2BDF1C16F2696A008D38B1 /* icon-iphone-ret.png in Resources */,
				5A2BDF1D16F2696A008D38B1 /* normalButton.png in Resources */,
				F099ED6D16FA217300F0BC50 /* BrightHigh.png in Resources */,
				F099ED6F16FA2AEE00F0BC50 /* BrightFull.png in Resources */,
				F099ED7316FA307C00F0BC50 /* BrightLow.png in Resources */,
				F093C01516FE1DCE0039ADC2 /* BrightFull@2x.png in Resources */,
				F093C01716FE1EC20039ADC2 /* BrightHigh@2x.png in Resources */,
				F093C01916FE1F8C0039ADC2 /* BrightLow@2x.png in Resources */,
				F0A10EF4174E486A009E001D /* brightover_icons_ipad_down.png in Resources */,
				F0A10EF5174E486A009E001D /* brightover_icons_ipad_full.png in Resources */,
				F0A10EF6174E486A009E001D /* brightover_icons_ipad_up.png in Resources */,
			);
			runOnlyForDeploymentPostprocessing = 0;
		};
		5A0DCB3616AB27A700B9D26E /* Resources */ = {
			isa = PBXResourcesBuildPhase;
			buildActionMask = 2147483647;
			files = (
				5A0DCB4516AB27A700B9D26E /* InfoPlist.strings in Resources */,
			);
			runOnlyForDeploymentPostprocessing = 0;
		};
/* End PBXResourcesBuildPhase section */

/* Begin PBXShellScriptBuildPhase section */
		5A0DCB3716AB27A700B9D26E /* ShellScript */ = {
			isa = PBXShellScriptBuildPhase;
			buildActionMask = 2147483647;
			files = (
			);
			inputPaths = (
			);
			outputPaths = (
			);
			runOnlyForDeploymentPostprocessing = 0;
			shellPath = /bin/sh;
			shellScript = "# Run the unit tests in this test bundle.\n\"${SYSTEM_DEVELOPER_DIR}/Tools/RunUnitTests\"\n";
		};
/* End PBXShellScriptBuildPhase section */

/* Begin PBXSourcesBuildPhase section */
		5A0DCB0C16AB27A600B9D26E /* Sources */ = {
			isa = PBXSourcesBuildPhase;
			buildActionMask = 2147483647;
			files = (
				5A0DCB2016AB27A600B9D26E /* main.m in Sources */,
				5A0DCB2416AB27A600B9D26E /* AppDelegate.m in Sources */,
				5A0DCB3316AB27A700B9D26E /* ViewController.m in Sources */,
				5A2BDF1116F266DA008D38B1 /* CustomButton.m in Sources */,
			);
			runOnlyForDeploymentPostprocessing = 0;
		};
		5A0DCB3416AB27A700B9D26E /* Sources */ = {
			isa = PBXSourcesBuildPhase;
			buildActionMask = 2147483647;
			files = (
				5A0DCB4816AB27A700B9D26E /* BrightOverTests.m in Sources */,
			);
			runOnlyForDeploymentPostprocessing = 0;
		};
/* End PBXSourcesBuildPhase section */

/* Begin PBXTargetDependency section */
		5A0DCB3F16AB27A700B9D26E /* PBXTargetDependency */ = {
			isa = PBXTargetDependency;
			target = 5A0DCB0F16AB27A600B9D26E /* BrightOver */;
			targetProxy = 5A0DCB3E16AB27A700B9D26E /* PBXContainerItemProxy */;
		};
/* End PBXTargetDependency section */

/* Begin PBXVariantGroup section */
		5A0DCB1C16AB27A600B9D26E /* InfoPlist.strings */ = {
			isa = PBXVariantGroup;
			children = (
				5A0DCB1D16AB27A600B9D26E /* en */,
			);
			name = InfoPlist.strings;
			sourceTree = "<group>";
		};
		5A0DCB2B16AB27A700B9D26E /* MainStoryboard_iPhone.storyboard */ = {
			isa = PBXVariantGroup;
			children = (
				5A0DCB2C16AB27A700B9D26E /* en */,
			);
			name = MainStoryboard_iPhone.storyboard;
			sourceTree = "<group>";
		};
		5A0DCB2E16AB27A700B9D26E /* MainStoryboard_iPad.storyboard */ = {
			isa = PBXVariantGroup;
			children = (
				5A0DCB2F16AB27A700B9D26E /* en */,
			);
			name = MainStoryboard_iPad.storyboard;
			sourceTree = "<group>";
		};
		5A0DCB4316AB27A700B9D26E /* InfoPlist.strings */ = {
			isa = PBXVariantGroup;
			children = (
				5A0DCB4416AB27A700B9D26E /* en */,
			);
			name = InfoPlist.strings;
			sourceTree = "<group>";
		};
/* End PBXVariantGroup section */

/* Begin XCBuildConfiguration section */
		5A0DCB4916AB27A700B9D26E /* Debug */ = {
			isa = XCBuildConfiguration;
			buildSettings = {
				ALWAYS_SEARCH_USER_PATHS = NO;
				CLANG_CXX_LANGUAGE_STANDARD = "gnu++0x";
				CLANG_CXX_LIBRARY = "libc++";
				CLANG_ENABLE_OBJC_ARC = YES;
				CLANG_WARN_CONSTANT_CONVERSION = YES;
				CLANG_WARN_EMPTY_BODY = YES;
				CLANG_WARN_ENUM_CONVERSION = YES;
				CLANG_WARN_INT_CONVERSION = YES;
				CLANG_WARN__DUPLICATE_METHOD_MATCH = YES;
				CODE_SIGN_IDENTITY = "iPhone Developer: Mauricio Meza (6EN3SUVW2E)";
				"CODE_SIGN_IDENTITY[sdk=iphoneos*]" = "iPhone Developer: Mauricio Meza (6EN3SUVW2E)";
				COPY_PHASE_STRIP = NO;
				GCC_C_LANGUAGE_STANDARD = gnu99;
				GCC_DYNAMIC_NO_PIC = NO;
				GCC_OPTIMIZATION_LEVEL = 0;
				GCC_PREPROCESSOR_DEFINITIONS = (
					"DEBUG=1",
					"$(inherited)",
				);
				GCC_SYMBOLS_PRIVATE_EXTERN = NO;
				GCC_WARN_ABOUT_RETURN_TYPE = YES;
				GCC_WARN_UNINITIALIZED_AUTOS = YES;
				GCC_WARN_UNUSED_VARIABLE = YES;
				IPHONEOS_DEPLOYMENT_TARGET = 5.0;
				ONLY_ACTIVE_ARCH = YES;
				PROVISIONING_PROFILE = "18C52CD5-285A-460D-AD5A-824138FD0284";
				"PROVISIONING_PROFILE[sdk=iphoneos*]" = "18C52CD5-285A-460D-AD5A-824138FD0284";
				SDKROOT = iphoneos;
				TARGETED_DEVICE_FAMILY = "1,2";
			};
			name = Debug;
		};
		5A0DCB4A16AB27A700B9D26E /* Release */ = {
			isa = XCBuildConfiguration;
			buildSettings = {
				ALWAYS_SEARCH_USER_PATHS = NO;
				CLANG_CXX_LANGUAGE_STANDARD = "gnu++0x";
				CLANG_CXX_LIBRARY = "libc++";
				CLANG_ENABLE_OBJC_ARC = YES;
				CLANG_WARN_CONSTANT_CONVERSION = YES;
				CLANG_WARN_EMPTY_BODY = YES;
				CLANG_WARN_ENUM_CONVERSION = YES;
				CLANG_WARN_INT_CONVERSION = YES;
				CLANG_WARN__DUPLICATE_METHOD_MATCH = YES;
				CODE_SIGN_IDENTITY = "iPhone Distribution: Mauricio Meza";
				"CODE_SIGN_IDENTITY[sdk=iphoneos*]" = "iPhone Distribution: Mauricio Meza";
				COPY_PHASE_STRIP = YES;
				GCC_C_LANGUAGE_STANDARD = gnu99;
				GCC_WARN_ABOUT_RETURN_TYPE = YES;
				GCC_WARN_UNINITIALIZED_AUTOS = YES;
				GCC_WARN_UNUSED_VARIABLE = YES;
				IPHONEOS_DEPLOYMENT_TARGET = 5.0;
				OTHER_CFLAGS = "-DNS_BLOCK_ASSERTIONS=1";
				PROVISIONING_PROFILE = "A4005480-C96C-4933-9E39-BE5E8FF85BDF";
				"PROVISIONING_PROFILE[sdk=iphoneos*]" = "A4005480-C96C-4933-9E39-BE5E8FF85BDF";
				SDKROOT = iphoneos;
				TARGETED_DEVICE_FAMILY = "1,2";
				VALIDATE_PRODUCT = YES;
			};
			name = Release;
		};
		5A0DCB4C16AB27A700B9D26E /* Debug */ = {
			isa = XCBuildConfiguration;
			buildSettings = {
				GCC_PRECOMPILE_PREFIX_HEADER = YES;
				GCC_PREFIX_HEADER = "BrightOver/BrightOver-Prefix.pch";
				INFOPLIST_FILE = "BrightOver/BrightOver-Info.plist";
				PRODUCT_NAME = brightover;
				WRAPPER_EXTENSION = app;
			};
			name = Debug;
		};
		5A0DCB4D16AB27A700B9D26E /* Release */ = {
			isa = XCBuildConfiguration;
			buildSettings = {
				GCC_PRECOMPILE_PREFIX_HEADER = YES;
				GCC_PREFIX_HEADER = "BrightOver/BrightOver-Prefix.pch";
				INFOPLIST_FILE = "BrightOver/BrightOver-Info.plist";
				PRODUCT_NAME = brightover;
				WRAPPER_EXTENSION = app;
			};
			name = Release;
		};
		5A0DCB4F16AB27A700B9D26E /* Debug */ = {
			isa = XCBuildConfiguration;
			buildSettings = {
				BUNDLE_LOADER = "$(BUILT_PRODUCTS_DIR)/BrightOver.app/BrightOver";
				FRAMEWORK_SEARCH_PATHS = (
					"\"$(SDKROOT)/Developer/Library/Frameworks\"",
					"\"$(DEVELOPER_LIBRARY_DIR)/Frameworks\"",
				);
				GCC_PRECOMPILE_PREFIX_HEADER = YES;
				GCC_PREFIX_HEADER = "BrightOver/BrightOver-Prefix.pch";
				INFOPLIST_FILE = "BrightOverTests/BrightOverTests-Info.plist";
				PRODUCT_NAME = "$(TARGET_NAME)";
				TEST_HOST = "$(BUNDLE_LOADER)";
				WRAPPER_EXTENSION = octest;
			};
			name = Debug;
		};
		5A0DCB5016AB27A700B9D26E /* Release */ = {
			isa = XCBuildConfiguration;
			buildSettings = {
				BUNDLE_LOADER = "$(BUILT_PRODUCTS_DIR)/BrightOver.app/BrightOver";
				FRAMEWORK_SEARCH_PATHS = (
					"\"$(SDKROOT)/Developer/Library/Frameworks\"",
					"\"$(DEVELOPER_LIBRARY_DIR)/Frameworks\"",
				);
				GCC_PRECOMPILE_PREFIX_HEADER = YES;
				GCC_PREFIX_HEADER = "BrightOver/BrightOver-Prefix.pch";
				INFOPLIST_FILE = "BrightOverTests/BrightOverTests-Info.plist";
				PRODUCT_NAME = "$(TARGET_NAME)";
				TEST_HOST = "$(BUNDLE_LOADER)";
				WRAPPER_EXTENSION = octest;
			};
			name = Release;
		};
		F0880CFB170B3B250091D579 /* Distribution */ = {
			isa = XCBuildConfiguration;
			buildSettings = {
				ALWAYS_SEARCH_USER_PATHS = NO;
				CLANG_CXX_LANGUAGE_STANDARD = "gnu++0x";
				CLANG_CXX_LIBRARY = "libc++";
				CLANG_ENABLE_OBJC_ARC = YES;
				CLANG_WARN_CONSTANT_CONVERSION = YES;
				CLANG_WARN_EMPTY_BODY = YES;
				CLANG_WARN_ENUM_CONVERSION = YES;
				CLANG_WARN_INT_CONVERSION = YES;
				CLANG_WARN__DUPLICATE_METHOD_MATCH = YES;
				CODE_SIGN_IDENTITY = "iPhone Distribution: Mauricio Meza";
				"CODE_SIGN_IDENTITY[sdk=iphoneos*]" = "iPhone Distribution: Mauricio Meza";
				COPY_PHASE_STRIP = YES;
				GCC_C_LANGUAGE_STANDARD = gnu99;
				GCC_WARN_ABOUT_RETURN_TYPE = YES;
				GCC_WARN_UNINITIALIZED_AUTOS = YES;
				GCC_WARN_UNUSED_VARIABLE = YES;
				IPHONEOS_DEPLOYMENT_TARGET = 5.0;
				OTHER_CFLAGS = "-DNS_BLOCK_ASSERTIONS=1";
				PROVISIONING_PROFILE = "A4005480-C96C-4933-9E39-BE5E8FF85BDF";
				"PROVISIONING_PROFILE[sdk=iphoneos*]" = "A4005480-C96C-4933-9E39-BE5E8FF85BDF";
				SDKROOT = iphoneos;
				TARGETED_DEVICE_FAMILY = "1,2";
				VALIDATE_PRODUCT = YES;
			};
			name = Distribution;
		};
		F0880CFC170B3B250091D579 /* Distribution */ = {
			isa = XCBuildConfiguration;
			buildSettings = {
				GCC_PRECOMPILE_PREFIX_HEADER = YES;
				GCC_PREFIX_HEADER = "BrightOver/BrightOver-Prefix.pch";
				INFOPLIST_FILE = "BrightOver/BrightOver-Info.plist";
				PRODUCT_NAME = brightover;
				WRAPPER_EXTENSION = app;
			};
			name = Distribution;
		};
		F0880CFD170B3B250091D579 /* Distribution */ = {
			isa = XCBuildConfiguration;
			buildSettings = {
				BUNDLE_LOADER = "$(BUILT_PRODUCTS_DIR)/BrightOver.app/BrightOver";
				FRAMEWORK_SEARCH_PATHS = (
					"\"$(SDKROOT)/Developer/Library/Frameworks\"",
					"\"$(DEVELOPER_LIBRARY_DIR)/Frameworks\"",
				);
				GCC_PRECOMPILE_PREFIX_HEADER = YES;
				GCC_PREFIX_HEADER = "BrightOver/BrightOver-Prefix.pch";
				INFOPLIST_FILE = "BrightOverTests/BrightOverTests-Info.plist";
				PRODUCT_NAME = "$(TARGET_NAME)";
				TEST_HOST = "$(BUNDLE_LOADER)";
				WRAPPER_EXTENSION = octest;
			};
			name = Distribution;
		};
/* End XCBuildConfiguration section */

/* Begin XCConfigurationList section */
		5A0DCB0B16AB27A600B9D26E /* Build configuration list for PBXProject "BrightOver" */ = {
			isa = XCConfigurationList;
			buildConfigurations = (
				5A0DCB4916AB27A700B9D26E /* Debug */,
				5A0DCB4A16AB27A700B9D26E /* Release */,
				F0880CFB170B3B250091D579 /* Distribution */,
			);
			defaultConfigurationIsVisible = 0;
			defaultConfigurationName = Release;
		};
		5A0DCB4B16AB27A700B9D26E /* Build configuration list for PBXNativeTarget "BrightOver" */ = {
			isa = XCConfigurationList;
			buildConfigurations = (
				5A0DCB4C16AB27A700B9D26E /* Debug */,
				5A0DCB4D16AB27A700B9D26E /* Release */,
				F0880CFC170B3B250091D579 /* Distribution */,
			);
			defaultConfigurationIsVisible = 0;
			defaultConfigurationName = Release;
		};
		5A0DCB4E16AB27A700B9D26E /* Build configuration list for PBXNativeTarget "BrightOverTests" */ = {
			isa = XCConfigurationList;
			buildConfigurations = (
				5A0DCB4F16AB27A700B9D26E /* Debug */,
				5A0DCB5016AB27A700B9D26E /* Release */,
				F0880CFD170B3B250091D579 /* Distribution */,
			);
			defaultConfigurationIsVisible = 0;
			defaultConfigurationName = Release;
		};
/* End XCConfigurationList section */
	};
	rootObject = 5A0DCB0816AB27A600B9D26E /* Project object */;
}
